github.com/lcylpzls/errx v1.5.5 h1:zM4NcWPHmtwhdxjaw8abzryZNgcjGc4qs57QSc5wpLU=
github.com/lcylpzls/errx v1.5.5/go.mod h1:mvjTnKj5gDpNtj/0pftC/ctWH+P1NrNOl1asrij//RM=
github.com/lcylpzls/httpx v1.2.4 h1:Bq8RlAmyqdw0vomYLfvWr4dMhXxlEbr2sE3fJg7sde0=
github.com/lcylpzls/httpx v1.2.4/go.mod h1:rfG1g09EYY4ff6/PgEs50Ok/NyFH3dpmdPx56FWUg3o=
github.com/lcylpzls/logx v1.3.2 h1:RZtmXH2LR77mk/l8WrsztP27e6v71zGPyzBF01B4Mog=
github.com/lcylpzls/logx v1.3.2/go.mod h1:EVpYAd/8ueoQJVdkcw4UHq7aKtlBr6Nj9P5x44JuMlM=
github.com/lcylpzls/resiliencex v1.3.2 h1:hkT7EReL3W3hhSJq1U3ymi5yVbu0Amf0yRnOy+6ks/0=
github.com/lcylpzls/resiliencex v1.3.2/go.mod h1:/FLFl7mlj3A2RqZDk4j+mgyKv0k+0KGGtGQjaRIrC9E=
github.com/lcylpzls/testx v1.4.3 h1:0eDjxIyqy1ffpNCNOXBJzogUGRaNBsOgU8BcIs5BUlc=
github.com/lcylpzls/testx v1.4.3/go.mod h1:y+UKgHdKABet7RS3NVRejcWbyF4fXYZ8nmOIeNTWn8I=
github.com/lcylpzls/validx v1.2.4 h1:YT+dHr+eoK9+em0MTTYjNMFxX+GvTYRIuG9b37KD+EU=
github.com/lcylpzls/validx v1.2.4/go.mod h1:riR2Vb8sNIJAgD1Xpnwc/5dHSKFRXNdpuMqJGzT/1zA=
golang.org/x/net v0.57.0 h1:K5+3DljvIuDG9/Jv9rvyMywYNFCQ9RSUY6OOTTkT+tE=
golang.org/x/net v0.57.0/go.mod h1:KpXc8iv+r3XplLAG/f7Jsf9RPszJzdR0f58q9vGOuEU=
golang.org/x/text v0.40.0 h1:Ub2Z6/xjgF1WrYQz2nuITOEegKFtiIy+rieRJ5lHZKs=
golang.org/x/text v0.40.0/go.mod h1:hpnzDAfGV753zIKo+wk3u1bVKCGPbrnF7+7LBF/UHVY=
